
Microsoft Visual Studio Solution File, Format Version 12.00
# Visual Studio 15
VisualStudioVersion = 15.0.27004.2005
MinimumVisualStudioVersion = 10.0.40219.1
Project("{FAE04EC0-301F-11D3-BF4B-00C04F79EFBC}") = "Datos_Sensor", "Datos_Sensor\Datos_Sensor.csproj", "{434CC316-129D-4D97-8F3D-05F98D98A5D1}"
EndProject
Global
	GlobalSection(SolutionConfigurationPlatforms) = preSolution
		Debug|Any CPU = Debug|Any CPU
		Release|Any CPU = Release|Any CPU
	EndGlobalSection
	GlobalSection(ProjectConfigurationPlatforms) = postSolution
		{434CC316-129D-4D97-8F3D-05F98D98A5D1}.Debug|Any CPU.ActiveCfg = Debug|Any CPU
		{434CC316-129D-4D97-8F3D-05F98D98A5D1}.Debug|Any CPU.Build.0 = Debug|Any CPU
		{434CC316-129D-4D97-8F3D-05F98D98A5D1}.Release|Any CPU.ActiveCfg = Release|Any CPU
		{434CC316-129D-4D97-8F3D-05F98D98A5D1}.Release|Any CPU.Build.0 = Release|Any CPU
	EndGlobalSection
	GlobalSection(SolutionProperties) = preSolution
		HideSolutionNode = FALSE
	EndGlobalSection
	GlobalSection(ExtensibilityGlobals) = postSolution
		SolutionGuid = {3D50477F-1F62-41D9-A3A1-4D1924F77B2F}
	EndGlobalSection
EndGlobal
